// !$*UTF8*$!
{
	archiveVersion = 1;
	classes = {
	};
	objectVersion = 56;
	objects = {

/* Begin PBXBuildFile section */
		DA3C145C2AF31E2D00324A14 /* ReadProductApp.swift in Sources */ = {isa = PBXBuildFile; fileRef = DA3C145B2AF31E2D00324A14 /* ReadProductApp.swift */; };
		DA3C145E2AF31E2D00324A14 /* ContentView.swift in Sources */ = {isa = PBXBuildFile; fileRef = DA3C145D2AF31E2D00324A14 /* ContentView.swift */; };
		DA3C14602AF31E2F00324A14 /* Assets.xcassets in Resources */ = {isa = PBXBuildFile; fileRef = DA3C145F2AF31E2F00324A14 /* Assets.xcassets */; };
		DA3C14632AF31E2F00324A14 /* Preview Assets.xcassets in Resources */ = {isa = PBXBuildFile; fileRef = DA3C14622AF31E2F00324A14 /* Preview Assets.xcassets */; };
		DAED24CA2AF8AE280044715A /* ImagePicker.swift in Sources */ = {isa = PBXBuildFile; fileRef = DAED24C92AF8AE280044715A /* ImagePicker.swift */; };
		DAED24CD2AF8B0BD0044715A /* Colors.swift in Sources */ = {isa = PBXBuildFile; fileRef = DAED24CC2AF8B0BD0044715A /* Colors.swift */; };
		DAED24CF2AF8B2140044715A /* Fonts.swift in Sources */ = {isa = PBXBuildFile; fileRef = DAED24CE2AF8B2140044715A /* Fonts.swift */; };
		DAED24E42AF8B63F0044715A /* Pretendard-Regular.otf in Resources */ = {isa = PBXBuildFile; fileRef = DAED24DB2AF8B63F0044715A /* Pretendard-Regular.otf */; };
		DAED24E52AF8B63F0044715A /* Pretendard-ExtraBold.otf in Resources */ = {isa = PBXBuildFile; fileRef = DAED24DC2AF8B63F0044715A /* Pretendard-ExtraBold.otf */; };
		DAED24E62AF8B63F0044715A /* Pretendard-Bold.otf in Resources */ = {isa = PBXBuildFile; fileRef = DAED24DD2AF8B63F0044715A /* Pretendard-Bold.otf */; };
		DAED24E72AF8B63F0044715A /* Pretendard-Medium.otf in Resources */ = {isa = PBXBuildFile; fileRef = DAED24DE2AF8B63F0044715A /* Pretendard-Medium.otf */; };
		DAED24E82AF8B63F0044715A /* Pretendard-SemiBold.otf in Resources */ = {isa = PBXBuildFile; fileRef = DAED24DF2AF8B63F0044715A /* Pretendard-SemiBold.otf */; };
		DAED24E92AF8B63F0044715A /* Pretendard-Thin.otf in Resources */ = {isa = PBXBuildFile; fileRef = DAED24E02AF8B63F0044715A /* Pretendard-Thin.otf */; };
		DAED24EA2AF8B63F0044715A /* Pretendard-ExtraLight.otf in Resources */ = {isa = PBXBuildFile; fileRef = DAED24E12AF8B63F0044715A /* Pretendard-ExtraLight.otf */; };
		DAED24EB2AF8B63F0044715A /* Pretendard-Black.otf in Resources */ = {isa = PBXBuildFile; fileRef = DAED24E22AF8B63F0044715A /* Pretendard-Black.otf */; };
		DAED24EC2AF8B63F0044715A /* Pretendard-Light.otf in Resources */ = {isa = PBXBuildFile; fileRef = DAED24E32AF8B63F0044715A /* Pretendard-Light.otf */; };
		DAED24F02AF9D2280044715A /* Lottie in Frameworks */ = {isa = PBXBuildFile; productRef = DAED24EF2AF9D2280044715A /* Lottie */; };
		DAED24F32AF9D2420044715A /* splashView.json in Resources */ = {isa = PBXBuildFile; fileRef = DAED24F22AF9D2420044715A /* splashView.json */; };
		DAED24F52AF9D25C0044715A /* SplashView.swift in Sources */ = {isa = PBXBuildFile; fileRef = DAED24F42AF9D25C0044715A /* SplashView.swift */; };
		DAED24F72AF9D2F90044715A /* LottieView.swift in Sources */ = {isa = PBXBuildFile; fileRef = DAED24F62AF9D2F90044715A /* LottieView.swift */; };
/* End PBXBuildFile section */

/* Begin PBXFileReference section */
		DA3C14582AF31E2D00324A14 /* ReadProduct.app */ = {isa = PBXFileReference; explicitFileType = wrapper.application; includeInIndex = 0; path = ReadProduct.app; sourceTree = BUILT_PRODUCTS_DIR; };
		DA3C145B2AF31E2D00324A14 /* ReadProductApp.swift */ = {isa = PBXFileReference; lastKnownFileType = sourcecode.swift; path = ReadProductApp.swift; sourceTree = "<group>"; };
		DA3C145D2AF31E2D00324A14 /* ContentView.swift */ = {isa = PBXFileReference; lastKnownFileType = sourcecode.swift; path = ContentView.swift; sourceTree = "<group>"; };
		DA3C145F2AF31E2F00324A14 /* Assets.xcassets */ = {isa = PBXFileReference; lastKnownFileType = folder.assetcatalog; path = Assets.xcassets; sourceTree = "<group>"; };
		DA3C14622AF31E2F00324A14 /* Preview Assets.xcassets */ = {isa = PBXFileReference; lastKnownFileType = folder.assetcatalog; path = "Preview Assets.xcassets"; sourceTree = "<group>"; };
		DAED24C92AF8AE280044715A /* ImagePicker.swift */ = {isa = PBXFileReference; lastKnownFileType = sourcecode.swift; path = ImagePicker.swift; sourceTree = "<group>"; };
		DAED24CC2AF8B0BD0044715A /* Colors.swift */ = {isa = PBXFileReference; lastKnownFileType = sourcecode.swift; path = Colors.swift; sourceTree = "<group>"; };
		DAED24CE2AF8B2140044715A /* Fonts.swift */ = {isa = PBXFileReference; lastKnownFileType = sourcecode.swift; path = Fonts.swift; sourceTree = "<group>"; };
		DAED24DA2AF8B26A0044715A /* Info.plist */ = {isa = PBXFileReference; lastKnownFileType = text.plist; path = Info.plist; sourceTree = "<group>"; };
		DAED24DB2AF8B63F0044715A /* Pretendard-Regular.otf */ = {isa = PBXFileReference; lastKnownFileType = file; path = "Pretendard-Regular.otf"; sourceTree = "<group>"; };
		DAED24DC2AF8B63F0044715A /* Pretendard-ExtraBold.otf */ = {isa = PBXFileReference; lastKnownFileType = file; path = "Pretendard-ExtraBold.otf"; sourceTree = "<group>"; };
		DAED24DD2AF8B63F0044715A /* Pretendard-Bold.otf */ = {isa = PBXFileReference; lastKnownFileType = file; path = "Pretendard-Bold.otf"; sourceTree = "<group>"; };
		DAED24DE2AF8B63F0044715A /* Pretendard-Medium.otf */ = {isa = PBXFileReference; lastKnownFileType = file; path = "Pretendard-Medium.otf"; sourceTree = "<group>"; };
		DAED24DF2AF8B63F0044715A /* Pretendard-SemiBold.otf */ = {isa = PBXFileReference; lastKnownFileType = file; path = "Pretendard-SemiBold.otf"; sourceTree = "<group>"; };
		DAED24E02AF8B63F0044715A /* Pretendard-Thin.otf */ = {isa = PBXFileReference; lastKnownFileType = file; path = "Pretendard-Thin.otf"; sourceTree = "<group>"; };
		DAED24E12AF8B63F0044715A /* Pretendard-ExtraLight.otf */ = {isa = PBXFileReference; lastKnownFileType = file; path = "Pretendard-ExtraLight.otf"; sourceTree = "<group>"; };
		DAED24E22AF8B63F0044715A /* Pretendard-Black.otf */ = {isa = PBXFileReference; lastKnownFileType = file; path = "Pretendard-Black.otf"; sourceTree = "<group>"; };
		DAED24E32AF8B63F0044715A /* Pretendard-Light.otf */ = {isa = PBXFileReference; lastKnownFileType = file; path = "Pretendard-Light.otf"; sourceTree = "<group>"; };
		DAED24F22AF9D2420044715A /* splashView.json */ = {isa = PBXFileReference; fileEncoding = 4; lastKnownFileType = text.json; path = splashView.json; sourceTree = "<group>"; };
		DAED24F42AF9D25C0044715A /* SplashView.swift */ = {isa = PBXFileReference; lastKnownFileType = sourcecode.swift; path = SplashView.swift; sourceTree = "<group>"; };
		DAED24F62AF9D2F90044715A /* LottieView.swift */ = {isa = PBXFileReference; lastKnownFileType = sourcecode.swift; path = LottieView.swift; sourceTree = "<group>"; };
/* End PBXFileReference section */

/* Begin PBXFrameworksBuildPhase section */
		DA3C14552AF31E2D00324A14 /* Frameworks */ = {
			isa = PBXFrameworksBuildPhase;
			buildActionMask = 2147483647;
			files = (
				DAED24F02AF9D2280044715A /* Lottie in Frameworks */,
			);
			runOnlyForDeploymentPostprocessing = 0;
		};
/* End PBXFrameworksBuildPhase section */

/* Begin PBXGroup section */
		DA3C144F2AF31E2D00324A14 = {
			isa = PBXGroup;
			children = (
				DA3C145A2AF31E2D00324A14 /* ReadProduct */,
				DA3C14592AF31E2D00324A14 /* Products */,
			);
			sourceTree = "<group>";
		};
		DA3C14592AF31E2D00324A14 /* Products */ = {
			isa = PBXGroup;
			children = (
				DA3C14582AF31E2D00324A14 /* ReadProduct.app */,
			);
			name = Products;
			sourceTree = "<group>";
		};
		DA3C145A2AF31E2D00324A14 /* ReadProduct */ = {
			isa = PBXGroup;
			children = (
				DAED24DA2AF8B26A0044715A /* Info.plist */,
				DAED24CB2AF8B0AF0044715A /* Resource */,
				DA3C145B2AF31E2D00324A14 /* ReadProductApp.swift */,
				DA3C145D2AF31E2D00324A14 /* ContentView.swift */,
				DAED24F42AF9D25C0044715A /* SplashView.swift */,
				DAED24C92AF8AE280044715A /* ImagePicker.swift */,
				DA3C145F2AF31E2F00324A14 /* Assets.xcassets */,
				DA3C14612AF31E2F00324A14 /* Preview Content */,
			);
			path = ReadProduct;
			sourceTree = "<group>";
		};
		DA3C14612AF31E2F00324A14 /* Preview Content */ = {
			isa = PBXGroup;
			children = (
				DA3C14622AF31E2F00324A14 /* Preview Assets.xcassets */,
			);
			path = "Preview Content";
			sourceTree = "<group>";
		};
		DAED24CB2AF8B0AF0044715A /* Resource */ = {
			isa = PBXGroup;
			children = (
				DAED24F12AF9D2330044715A /* Animation */,
				DAED24D02AF8B2430044715A /* Fonts */,
				DAED24CC2AF8B0BD0044715A /* Colors.swift */,
				DAED24CE2AF8B2140044715A /* Fonts.swift */,
			);
			path = Resource;
			sourceTree = "<group>";
		};
		DAED24D02AF8B2430044715A /* Fonts */ = {
			isa = PBXGroup;
			children = (
				DAED24E22AF8B63F0044715A /* Pretendard-Black.otf */,
				DAED24DD2AF8B63F0044715A /* Pretendard-Bold.otf */,
				DAED24DC2AF8B63F0044715A /* Pretendard-ExtraBold.otf */,
				DAED24E12AF8B63F0044715A /* Pretendard-ExtraLight.otf */,
				DAED24E32AF8B63F0044715A /* Pretendard-Light.otf */,
				DAED24DE2AF8B63F0044715A /* Pretendard-Medium.otf */,
				DAED24DB2AF8B63F0044715A /* Pretendard-Regular.otf */,
				DAED24DF2AF8B63F0044715A /* Pretendard-SemiBold.otf */,
				DAED24E02AF8B63F0044715A /* Pretendard-Thin.otf */,
			);
			path = Fonts;
			sourceTree = "<group>";
		};
		DAED24F12AF9D2330044715A /* Animation */ = {
			isa = PBXGroup;
			children = (
				DAED24F22AF9D2420044715A /* splashView.json */,
				DAED24F62AF9D2F90044715A /* LottieView.swift */,
			);
			path = Animation;
			sourceTree = "<group>";
		};
/* End PBXGroup section */

/* Begin PBXNativeTarget section */
		DA3C14572AF31E2D00324A14 /* ReadProduct */ = {
			isa = PBXNativeTarget;
			buildConfigurationList = DA3C14662AF31E2F00324A14 /* Build configuration list for PBXNativeTarget "ReadProduct" */;
			buildPhases = (
				DA3C14542AF31E2D00324A14 /* Sources */,
				DA3C14552AF31E2D00324A14 /* Frameworks */,
				DA3C14562AF31E2D00324A14 /* Resources */,
			);
			buildRules = (
			);
			dependencies = (
			);
			name = ReadProduct;
			packageProductDependencies = (
				DAED24EF2AF9D2280044715A /* Lottie */,
			);
			productName = ReadProduct;
			productReference = DA3C14582AF31E2D00324A14 /* ReadProduct.app */;
			productType = "com.apple.product-type.application";
		};
/* End PBXNativeTarget section */

/* Begin PBXProject section */
		DA3C14502AF31E2D00324A14 /* Project object */ = {
			isa = PBXProject;
			attributes = {
				BuildIndependentTargetsInParallel = 1;
				LastSwiftUpdateCheck = 1500;
				LastUpgradeCheck = 1500;
				TargetAttributes = {
					DA3C14572AF31E2D00324A14 = {
						CreatedOnToolsVersion = 15.0.1;
					};
				};
			};
			buildConfigurationList = DA3C14532AF31E2D00324A14 /* Build configuration list for PBXProject "ReadProduct" */;
			compatibilityVersion = "Xcode 14.0";
			developmentRegion = en;
			hasScannedForEncodings = 0;
			knownRegions = (
				en,
				Base,
			);
			mainGroup = DA3C144F2AF31E2D00324A14;
			packageReferences = (
				DAED24EE2AF9D2280044715A /* XCRemoteSwiftPackageReference "lottie-ios" */,
			);
			productRefGroup = DA3C14592AF31E2D00324A14 /* Products */;
			projectDirPath = "";
			projectRoot = "";
			targets = (
				DA3C14572AF31E2D00324A14 /* ReadProduct */,
			);
		};
/* End PBXProject section */

/* Begin PBXResourcesBuildPhase section */
		DA3C14562AF31E2D00324A14 /* Resources */ = {
			isa = PBXResourcesBuildPhase;
			buildActionMask = 2147483647;
			files = (
				DAED24EA2AF8B63F0044715A /* Pretendard-ExtraLight.otf in Resources */,
				DAED24F32AF9D2420044715A /* splashView.json in Resources */,
				DA3C14632AF31E2F00324A14 /* Preview Assets.xcassets in Resources */,
				DAED24E62AF8B63F0044715A /* Pretendard-Bold.otf in Resources */,
				DAED24E82AF8B63F0044715A /* Pretendard-SemiBold.otf in Resources */,
				DAED24EB2AF8B63F0044715A /* Pretendard-Black.otf in Resources */,
				DAED24EC2AF8B63F0044715A /* Pretendard-Light.otf in Resources */,
				DAED24E92AF8B63F0044715A /* Pretendard-Thin.otf in Resources */,
				DAED24E42AF8B63F0044715A /* Pretendard-Regular.otf in Resources */,
				DAED24E52AF8B63F0044715A /* Pretendard-ExtraBold.otf in Resources */,
				DA3C14602AF31E2F00324A14 /* Assets.xcassets in Resources */,
				DAED24E72AF8B63F0044715A /* Pretendard-Medium.otf in Resources */,
			);
			runOnlyForDeploymentPostprocessing = 0;
		};
/* End PBXResourcesBuildPhase section */

/* Begin PBXSourcesBuildPhase section */
		DA3C14542AF31E2D00324A14 /* Sources */ = {
			isa = PBXSourcesBuildPhase;
			buildActionMask = 2147483647;
			files = (
				DAED24CA2AF8AE280044715A /* ImagePicker.swift in Sources */,
				DAED24CF2AF8B2140044715A /* Fonts.swift in Sources */,
				DAED24CD2AF8B0BD0044715A /* Colors.swift in Sources */,
				DA3C145E2AF31E2D00324A14 /* ContentView.swift in Sources */,
				DAED24F72AF9D2F90044715A /* LottieView.swift in Sources */,
				DA3C145C2AF31E2D00324A14 /* ReadProductApp.swift in Sources */,
				DAED24F52AF9D25C0044715A /* SplashView.swift in Sources */,
			);
			runOnlyForDeploymentPostprocessing = 0;
		};
/* End PBXSourcesBuildPhase section */

/* Begin XCBuildConfiguration section */
		DA3C14642AF31E2F00324A14 /* Debug */ = {
			isa = XCBuildConfiguration;
			buildSettings = {
				ALWAYS_SEARCH_USER_PATHS = NO;
				ASSETCATALOG_COMPILER_GENERATE_SWIFT_ASSET_SYMBOL_EXTENSIONS = YES;
				CLANG_ANALYZER_NONNULL = YES;
				CLANG_ANALYZER_NUMBER_OBJECT_CONVERSION = YES_AGGRESSIVE;
				CLANG_CXX_LANGUAGE_STANDARD = "gnu++20";
				CLANG_ENABLE_MODULES = YES;
				CLANG_ENABLE_OBJC_ARC = YES;
				CLANG_ENABLE_OBJC_WEAK = YES;
				CLANG_WARN_BLOCK_CAPTURE_AUTORELEASING = YES;
				CLANG_WARN_BOOL_CONVERSION = YES;
				CLANG_WARN_COMMA = YES;
				CLANG_WARN_CONSTANT_CONVERSION = YES;
				CLANG_WARN_DEPRECATED_OBJC_IMPLEMENTATIONS = YES;
				CLANG_WARN_DIRECT_OBJC_ISA_USAGE = YES_ERROR;
				CLANG_WARN_DOCUMENTATION_COMMENTS = YES;
				CLANG_WARN_EMPTY_BODY = YES;
				CLANG_WARN_ENUM_CONVERSION = YES;
				CLANG_WARN_INFINITE_RECURSION = YES;
				CLANG_WARN_INT_CONVERSION = YES;
				CLANG_WARN_NON_LITERAL_NULL_CONVERSION = YES;
				CLANG_WARN_OBJC_IMPLICIT_RETAIN_SELF = YES;
				CLANG_WARN_OBJC_LITERAL_CONVERSION = YES;
				CLANG_WARN_OBJC_ROOT_CLASS = YES_ERROR;
				CLANG_WARN_QUOTED_INCLUDE_IN_FRAMEWORK_HEADER = YES;
				CLANG_WARN_RANGE_LOOP_ANALYSIS = YES;
				CLANG_WARN_STRICT_PROTOTYPES = YES;
				CLANG_WARN_SUSPICIOUS_MOVE = YES;
				CLANG_WARN_UNGUARDED_AVAILABILITY = YES_AGGRESSIVE;
				CLANG_WARN_UNREACHABLE_CODE = YES;
				CLANG_WARN__DUPLICATE_METHOD_MATCH = YES;
				COPY_PHASE_STRIP = NO;
				DEBUG_INFORMATION_FORMAT = dwarf;
				ENABLE_STRICT_OBJC_MSGSEND = YES;
				ENABLE_TESTABILITY = YES;
				ENABLE_USER_SCRIPT_SANDBOXING = YES;
				GCC_C_LANGUAGE_STANDARD = gnu17;
				GCC_DYNAMIC_NO_PIC = NO;
				GCC_NO_COMMON_BLOCKS = YES;
				GCC_OPTIMIZATION_LEVEL = 0;
				GCC_PREPROCESSOR_DEFINITIONS = (
					"DEBUG=1",
					"$(inherited)",
				);
				GCC_WARN_64_TO_32_BIT_CONVERSION = YES;
				GCC_WARN_ABOUT_RETURN_TYPE = YES_ERROR;
				GCC_WARN_UNDECLARED_SELECTOR = YES;
				GCC_WARN_UNINITIALIZED_AUTOS = YES_AGGRESSIVE;
				GCC_WARN_UNUSED_FUNCTION = YES;
				GCC_WARN_UNUSED_VARIABLE = YES;
				IPHONEOS_DEPLOYMENT_TARGET = 17.0;
				LOCALIZATION_PREFERS_STRING_CATALOGS = YES;
				MTL_ENABLE_DEBUG_INFO = INCLUDE_SOURCE;
				MTL_FAST_MATH = YES;
				ONLY_ACTIVE_ARCH = YES;
				SDKROOT = iphoneos;
				SWIFT_ACTIVE_COMPILATION_CONDITIONS = "DEBUG $(inherited)";
				SWIFT_OPTIMIZATION_LEVEL = "-Onone";
			};
			name = Debug;
		};
		DA3C14652AF31E2F00324A14 /* Release */ = {
			isa = XCBuildConfiguration;
			buildSettings = {
				ALWAYS_SEARCH_USER_PATHS = NO;
				ASSETCATALOG_COMPILER_GENERATE_SWIFT_ASSET_SYMBOL_EXTENSIONS = YES;
				CLANG_ANALYZER_NONNULL = YES;
				CLANG_ANALYZER_NUMBER_OBJECT_CONVERSION = YES_AGGRESSIVE;
				CLANG_CXX_LANGUAGE_STANDARD = "gnu++20";
				CLANG_ENABLE_MODULES = YES;
				CLANG_ENABLE_OBJC_ARC = YES;
				CLANG_ENABLE_OBJC_WEAK = YES;
				CLANG_WARN_BLOCK_CAPTURE_AUTORELEASING = YES;
				CLANG_WARN_BOOL_CONVERSION = YES;
				CLANG_WARN_COMMA = YES;
				CLANG_WARN_CONSTANT_CONVERSION = YES;
				CLANG_WARN_DEPRECATED_OBJC_IMPLEMENTATIONS = YES;
				CLANG_WARN_DIRECT_OBJC_ISA_USAGE = YES_ERROR;
				CLANG_WARN_DOCUMENTATION_COMMENTS = YES;
				CLANG_WARN_EMPTY_BODY = YES;
				CLANG_WARN_ENUM_CONVERSION = YES;
				CLANG_WARN_INFINITE_RECURSION = YES;
				CLANG_WARN_INT_CONVERSION = YES;
				CLANG_WARN_NON_LITERAL_NULL_CONVERSION = YES;
				CLANG_WARN_OBJC_IMPLICIT_RETAIN_SELF = YES;
				CLANG_WARN_OBJC_LITERAL_CONVERSION = YES;
				CLANG_WARN_OBJC_ROOT_CLASS = YES_ERROR;
				CLANG_WARN_QUOTED_INCLUDE_IN_FRAMEWORK_HEADER = YES;
				CLANG_WARN_RANGE_LOOP_ANALYSIS = YES;
				CLANG_WARN_STRICT_PROTOTYPES = YES;
				CLANG_WARN_SUSPICIOUS_MOVE = YES;
				CLANG_WARN_UNGUARDED_AVAILABILITY = YES_AGGRESSIVE;
				CLANG_WARN_UNREACHABLE_CODE = YES;
				CLANG_WARN__DUPLICATE_METHOD_MATCH = YES;
				COPY_PHASE_STRIP = NO;
				DEBUG_INFORMATION_FORMAT = "dwarf-with-dsym";
				ENABLE_NS_ASSERTIONS = NO;
				ENABLE_STRICT_OBJC_MSGSEND = YES;
				ENABLE_USER_SCRIPT_SANDBOXING = YES;
				GCC_C_LANGUAGE_STANDARD = gnu17;
				GCC_NO_COMMON_BLOCKS = YES;
				GCC_WARN_64_TO_32_BIT_CONVERSION = YES;
				GCC_WARN_ABOUT_RETURN_TYPE = YES_ERROR;
				GCC_WARN_UNDECLARED_SELECTOR = YES;
				GCC_WARN_UNINITIALIZED_AUTOS = YES_AGGRESSIVE;
				GCC_WARN_UNUSED_FUNCTION = YES;
				GCC_WARN_UNUSED_VARIABLE = YES;
				IPHONEOS_DEPLOYMENT_TARGET = 17.0;
				LOCALIZATION_PREFERS_STRING_CATALOGS = YES;
				MTL_ENABLE_DEBUG_INFO = NO;
				MTL_FAST_MATH = YES;
				SDKROOT = iphoneos;
				SWIFT_COMPILATION_MODE = wholemodule;
				VALIDATE_PRODUCT = YES;
			};
			name = Release;
		};
		DA3C14672AF31E2F00324A14 /* Debug */ = {
			isa = XCBuildConfiguration;
			buildSettings = {
				ASSETCATALOG_COMPILER_APPICON_NAME = AppIcon;
				ASSETCATALOG_COMPILER_GLOBAL_ACCENT_COLOR_NAME = AccentColor;
				CODE_SIGN_IDENTITY = "Apple Development";
				"CODE_SIGN_IDENTITY[sdk=iphoneos*]" = "iPhone Developer";
				CODE_SIGN_STYLE = Manual;
				CURRENT_PROJECT_VERSION = 2;
				DEVELOPMENT_ASSET_PATHS = "\"ReadProduct/Preview Content\"";
				DEVELOPMENT_TEAM = "";
				"DEVELOPMENT_TEAM[sdk=iphoneos*]" = 7Y3Y9M4N4F;
				ENABLE_PREVIEWS = YES;
				ENABLE_USER_SCRIPT_SANDBOXING = YES;
				GENERATE_INFOPLIST_FILE = YES;
				INFOPLIST_FILE = ReadProduct/Info.plist;
				INFOPLIST_KEY_UIApplicationSceneManifest_Generation = YES;
				INFOPLIST_KEY_UIApplicationSupportsIndirectInputEvents = YES;
				INFOPLIST_KEY_UILaunchScreen_Generation = YES;
				INFOPLIST_KEY_UISupportedInterfaceOrientations_iPad = "UIInterfaceOrientationPortrait UIInterfaceOrientationPortraitUpsideDown UIInterfaceOrientationLandscapeLeft UIInterfaceOrientationLandscapeRight";
				INFOPLIST_KEY_UISupportedInterfaceOrientations_iPhone = "UIInterfaceOrientationPortrait UIInterfaceOrientationLandscapeLeft UIInterfaceOrientationLandscapeRight";
				IPHONEOS_DEPLOYMENT_TARGET = 16.0;
				LD_RUNPATH_SEARCH_PATHS = (
					"$(inherited)",
					"@executable_path/Frameworks",
				);
				MARKETING_VERSION = 1.0;
				PRODUCT_BUNDLE_IDENTIFIER = com.likelion.ReadProduct;
				PRODUCT_NAME = "$(TARGET_NAME)";
				PROVISIONING_PROFILE_SPECIFIER = "";
				"PROVISIONING_PROFILE_SPECIFIER[sdk=iphoneos*]" = ReadProductProfile;
				SUPPORTED_PLATFORMS = "iphoneos iphonesimulator";
				SUPPORTS_MACCATALYST = NO;
				SUPPORTS_MAC_DESIGNED_FOR_IPHONE_IPAD = NO;
				SWIFT_EMIT_LOC_STRINGS = YES;
				SWIFT_VERSION = 5.0;
				TARGETED_DEVICE_FAMILY = "1,2";
			};
			name = Debug;
		};
		DA3C14682AF31E2F00324A14 /* Release */ = {
			isa = XCBuildConfiguration;
			buildSettings = {
				ASSETCATALOG_COMPILER_APPICON_NAME = AppIcon;
				ASSETCATALOG_COMPILER_GLOBAL_ACCENT_COLOR_NAME = AccentColor;
				"CODE_SIGN_IDENTITY[sdk=iphoneos*]" = "iPhone Distribution";
				CODE_SIGN_STYLE = Manual;
				CURRENT_PROJECT_VERSION = 2;
				DEVELOPMENT_ASSET_PATHS = "\"ReadProduct/Preview Content\"";
				DEVELOPMENT_TEAM = "";
				"DEVELOPMENT_TEAM[sdk=iphoneos*]" = 7Y3Y9M4N4F;
				ENABLE_PREVIEWS = YES;
				ENABLE_USER_SCRIPT_SANDBOXING = YES;
				GENERATE_INFOPLIST_FILE = YES;
				INFOPLIST_FILE = ReadProduct/Info.plist;
				INFOPLIST_KEY_UIApplicationSceneManifest_Generation = YES;
				INFOPLIST_KEY_UIApplicationSupportsIndirectInputEvents = YES;
				INFOPLIST_KEY_UILaunchScreen_Generation = YES;
				INFOPLIST_KEY_UISupportedInterfaceOrientations_iPad = "UIInterfaceOrientationPortrait UIInterfaceOrientationPortraitUpsideDown UIInterfaceOrientationLandscapeLeft UIInterfaceOrientationLandscapeRight";
				INFOPLIST_KEY_UISupportedInterfaceOrientations_iPhone = "UIInterfaceOrientationPortrait UIInterfaceOrientationLandscapeLeft UIInterfaceOrientationLandscapeRight";
				IPHONEOS_DEPLOYMENT_TARGET = 16.0;
				LD_RUNPATH_SEARCH_PATHS = (
					"$(inherited)",
					"@executable_path/Frameworks",
				);
				MARKETING_VERSION = 1.0;
				PRODUCT_BUNDLE_IDENTIFIER = com.likelion.ReadProduct;
				PRODUCT_NAME = "$(TARGET_NAME)";
				PROVISIONING_PROFILE_SPECIFIER = "";
				"PROVISIONING_PROFILE_SPECIFIER[sdk=iphoneos*]" = ReadProductProfileDist;
				SUPPORTED_PLATFORMS = "iphoneos iphonesimulator";
				SUPPORTS_MACCATALYST = NO;
				SUPPORTS_MAC_DESIGNED_FOR_IPHONE_IPAD = NO;
				SWIFT_EMIT_LOC_STRINGS = YES;
				SWIFT_VERSION = 5.0;
				TARGETED_DEVICE_FAMILY = "1,2";
			};
			name = Release;
		};
/* End XCBuildConfiguration section */

/* Begin XCConfigurationList section */
		DA3C14532AF31E2D00324A14 /* Build configuration list for PBXProject "ReadProduct" */ = {
			isa = XCConfigurationList;
			buildConfigurations = (
				DA3C14642AF31E2F00324A14 /* Debug */,
				DA3C14652AF31E2F00324A14 /* Release */,
			);
			defaultConfigurationIsVisible = 0;
			defaultConfigurationName = Release;
		};
		DA3C14662AF31E2F00324A14 /* Build configuration list for PBXNativeTarget "ReadProduct" */ = {
			isa = XCConfigurationList;
			buildConfigurations = (
				DA3C14672AF31E2F00324A14 /* Debug */,
				DA3C14682AF31E2F00324A14 /* Release */,
			);
			defaultConfigurationIsVisible = 0;
			defaultConfigurationName = Release;
		};
/* End XCConfigurationList section */

/* Begin XCRemoteSwiftPackageReference section */
		DAED24EE2AF9D2280044715A /* XCRemoteSwiftPackageReference "lottie-ios" */ = {
			isa = XCRemoteSwiftPackageReference;
			repositoryURL = "https://github.com/airbnb/lottie-ios";
			requirement = {
				kind = upToNextMajorVersion;
				minimumVersion = 4.3.3;
			};
		};
/* End XCRemoteSwiftPackageReference section */

/* Begin XCSwiftPackageProductDependency section */
		DAED24EF2AF9D2280044715A /* Lottie */ = {
			isa = XCSwiftPackageProductDependency;
			package = DAED24EE2AF9D2280044715A /* XCRemoteSwiftPackageReference "lottie-ios" */;
			productName = Lottie;
		};
/* End XCSwiftPackageProductDependency section */
	};
	rootObject = DA3C14502AF31E2D00324A14 /* Project object */;
}
